<?xml version="1.0" encoding="utf-8"?>
<Project ToolsVersion="4.0" xmlns="http://schemas.microsoft.com/developer/msbuild/2003">
  <ItemGroup>
    <Text Include="ReadMe.txt" />
  </ItemGroup>
  <ItemGroup>
    <ClInclude Include="stdafx.h" />
    <ClInclude Include="targetver.h" />
    <ClInclude Include="motion.h" />
    <ClInclude Include="modulator.h" />
    <ClInclude Include="mixingconfig.h" />
    <ClInclude Include="motionwavemodulator.h" />
    <ClInclude Include="motionmonitorconfig.h" />
    <ClInclude Include="simplemodulator.h" />
    <ClInclude Include="motionwave.h" />
    <ClInclude Include="script\mathinterpreter.h">
      <Filter>script</Filter>
    </ClInclude>
    <ClInclude Include="script\mathparser.h">
      <Filter>script</Filter>
    </ClInclude>
    <ClInclude Include="script\mathscript.h">
      <Filter>script</Filter>
    </ClInclude>
    <ClInclude Include="script\plotinputparser.h">
      <Filter>script</Filter>
    </ClInclude>
    <ClInclude Include="script\plotinputscript.h">
      <Filter>script</Filter>
    </ClInclude>
    <ClInclude Include="script\protocolparser.h">
      <Filter>script</Filter>
    </ClInclude>
    <ClInclude Include="script\script.h">
      <Filter>script</Filter>
    </ClInclude>
    <ClInclude Include="script\scriptutil.h">
      <Filter>script</Filter>
    </ClInclude>
    <ClInclude Include="input.h" />
    <ClInclude Include="udpinput.h" />
    <ClInclude Include="motiondef.h" />
    <ClInclude Include="output.h" />
    <ClInclude Include="serialoutput.h" />
    <ClInclude Include="mixer.h" />
    <ClInclude Include="normalmixer.h" />
    <ClInclude Include="motioncontroller2.h" />
    <ClInclude Include="udpoutput.h" />
    <ClInclude Include="shmeminput.h" />
    <ClInclude Include="script\motionscriptparser.h">
      <Filter>script</Filter>
    </ClInclude>
    <ClInclude Include="script\motionscript.h">
      <Filter>script</Filter>
    </ClInclude>
    <ClInclude Include="script\formatparser.h">
      <Filter>script</Filter>
    </ClInclude>
    <ClInclude Include="simplemodule.h" />
    <ClInclude Include="module.h" />
    <ClInclude Include="joypad.h" />
    <ClInclude Include="joystickinput.h" />
    <ClInclude Include="amplitudemodule.h" />
  </ItemGroup>
  <ItemGroup>
    <ClCompile Include="stdafx.cpp" />
    <ClCompile Include="modulator.cpp" />
    <ClCompile Include="mixingconfig.cpp" />
    <ClCompile Include="motionwavemodulator.cpp" />
    <ClCompile Include="motionmonitorconfig.cpp" />
    <ClCompile Include="simplemodulator.cpp" />
    <ClCompile Include="motionwave.cpp" />
    <ClCompile Include="script\mathinterpreter.cpp">
      <Filter>script</Filter>
    </ClCompile>
    <ClCompile Include="script\mathparser.cpp">
      <Filter>script</Filter>
    </ClCompile>
    <ClCompile Include="script\mathscript.cpp">
      <Filter>script</Filter>
    </ClCompile>
    <ClCompile Include="script\plotinputparser.cpp">
      <Filter>script</Filter>
    </ClCompile>
    <ClCompile Include="script\plotinputscript.cpp">
      <Filter>script</Filter>
    </ClCompile>
    <ClCompile Include="script\protocolparser.cpp">
      <Filter>script</Filter>
    </ClCompile>
    <ClCompile Include="script\script.cpp">
      <Filter>script</Filter>
    </ClCompile>
    <ClCompile Include="script\scriptutil.cpp">
      <Filter>script</Filter>
    </ClCompile>
    <ClCompile Include="udpinput.cpp" />
    <ClCompile Include="serialoutput.cpp" />
    <ClCompile Include="normalmixer.cpp" />
    <ClCompile Include="motioncontroller2.cpp" />
    <ClCompile Include="udpoutput.cpp" />
    <ClCompile Include="shmeminput.cpp" />
    <ClCompile Include="script\motionscriptparser.cpp">
      <Filter>script</Filter>
    </ClCompile>
    <ClCompile Include="script\motionscript.cpp">
      <Filter>script</Filter>
    </ClCompile>
    <ClCompile Include="script\formatparser.cpp">
      <Filter>script</Filter>
    </ClCompile>
    <ClCompile Include="simplemodule.cpp" />
    <ClCompile Include="joypad.cpp" />
    <ClCompile Include="joystickinput.cpp" />
    <ClCompile Include="amplitudemodule.cpp" />
  </ItemGroup>
  <ItemGroup>
    <Filter Include="script">
      <UniqueIdentifier>{937ff5f7-2e5f-4aa6-8f2a-e4905a0b4a76}</UniqueIdentifier>
    </Filter>
  </ItemGroup>
</Project>