<?xml version="1.0" encoding="utf-8"?>
<Project ToolsVersion="4.0" xmlns="http://schemas.microsoft.com/developer/msbuild/2003">
  <ItemGroup>
    <Filter Include="Source Files">
      <UniqueIdentifier>{4FC737F1-C7A5-4376-A066-2A32D752A2FF}</UniqueIdentifier>
      <Extensions>cpp;c;cc;cxx;def;odl;idl;hpj;bat;asm;asmx</Extensions>
    </Filter>
    <Filter Include="Header Files">
      <UniqueIdentifier>{93995380-89BD-4b04-88EB-625FBE52EBFB}</UniqueIdentifier>
      <Extensions>h;hh;hpp;hxx;hm;inl;inc;xsd</Extensions>
    </Filter>
    <Filter Include="ImageMatch">
      <UniqueIdentifier>{0d519a70-e66b-4653-9944-c1d3c3e08cf6}</UniqueIdentifier>
    </Filter>
  </ItemGroup>
  <ItemGroup>
    <Text Include="ReadMe.txt" />
  </ItemGroup>
  <ItemGroup>
    <ClInclude Include="stdafx.h">
      <Filter>Header Files</Filter>
    </ClInclude>
    <ClInclude Include="targetver.h">
      <Filter>Header Files</Filter>
    </ClInclude>
    <ClInclude Include="camera.h">
      <Filter>Header Files</Filter>
    </ClInclude>
    <ClInclude Include="CameraDistortion.h">
      <Filter>Header Files</Filter>
    </ClInclude>
    <ClInclude Include="config.h">
      <Filter>Header Files</Filter>
    </ClInclude>
    <ClInclude Include="detectpoint.h">
      <Filter>Header Files</Filter>
    </ClInclude>
    <ClInclude Include="dxcapture.h">
      <Filter>Header Files</Filter>
    </ClInclude>
    <ClInclude Include="dxcaptureutil.h">
      <Filter>Header Files</Filter>
    </ClInclude>
    <ClInclude Include="linecontour.h">
      <Filter>Header Files</Filter>
    </ClInclude>
    <ClInclude Include="movie.h">
      <Filter>Header Files</Filter>
    </ClInclude>
    <ClInclude Include="pidcontrol.h">
      <Filter>Header Files</Filter>
    </ClInclude>
    <ClInclude Include="rectcontour.h">
      <Filter>Header Files</Filter>
    </ClInclude>
    <ClInclude Include="screen.h">
      <Filter>Header Files</Filter>
    </ClInclude>
    <ClInclude Include="sharedmemcommunication.h">
      <Filter>Header Files</Filter>
    </ClInclude>
    <ClInclude Include="skewdetect.h">
      <Filter>Header Files</Filter>
    </ClInclude>
    <ClInclude Include="squarecontour.h">
      <Filter>Header Files</Filter>
    </ClInclude>
    <ClInclude Include="udpcommunication.h">
      <Filter>Header Files</Filter>
    </ClInclude>
    <ClInclude Include="use_opencv.h">
      <Filter>Header Files</Filter>
    </ClInclude>
    <ClInclude Include="util.h">
      <Filter>Header Files</Filter>
    </ClInclude>
    <ClInclude Include="wndmsgcommunication.h">
      <Filter>Header Files</Filter>
    </ClInclude>
    <ClInclude Include="camcommon.h">
      <Filter>Header Files</Filter>
    </ClInclude>
    <ClInclude Include="RecognitionConfig.h">
      <Filter>Header Files</Filter>
    </ClInclude>
    <ClInclude Include="streamingsender.h">
      <Filter>Header Files</Filter>
    </ClInclude>
    <ClInclude Include="streamingreceiver.h">
      <Filter>Header Files</Filter>
    </ClInclude>
    <ClInclude Include="streaming.h">
      <Filter>Header Files</Filter>
    </ClInclude>
    <ClInclude Include="searchpoint.h">
      <Filter>Header Files</Filter>
    </ClInclude>
    <ClInclude Include="thresholdfinder.h">
      <Filter>Header Files</Filter>
    </ClInclude>
    <ClInclude Include="LEDCalibrater.h">
      <Filter>Header Files</Filter>
    </ClInclude>
    <ClInclude Include="LEDBlinkCapture.h">
      <Filter>Header Files</Filter>
    </ClInclude>
    <ClInclude Include="streamingviewer.h">
      <Filter>Header Files</Filter>
    </ClInclude>
    <ClInclude Include="roi.h">
      <Filter>Header Files</Filter>
    </ClInclude>
    <ClInclude Include="videowriter.h">
      <Filter>Header Files</Filter>
    </ClInclude>
    <ClInclude Include="qrcode.h">
      <Filter>Header Files</Filter>
    </ClInclude>
    <ClInclude Include="fps.h">
      <Filter>Header Files</Filter>
    </ClInclude>
    <ClInclude Include="arqrcode.h">
      <Filter>Header Files</Filter>
    </ClInclude>
    <ClInclude Include="recognitionedgeconfig.h">
      <Filter>Header Files</Filter>
    </ClInclude>
    <ClInclude Include="detectrect.h">
      <Filter>Header Files</Filter>
    </ClInclude>
    <ClInclude Include="opencvgdiplus.h">
      <Filter>Header Files</Filter>
    </ClInclude>
    <ClInclude Include="rectcontour2.h">
      <Filter>Header Files</Filter>
    </ClInclude>
    <ClInclude Include="screencapture.h">
      <Filter>Header Files</Filter>
    </ClInclude>
    <ClInclude Include="imagematch\imagematch.h">
      <Filter>ImageMatch</Filter>
    </ClInclude>
    <ClInclude Include="templatematch.h">
      <Filter>Header Files</Filter>
    </ClInclude>
    <ClInclude Include="featurematch.h">
      <Filter>Header Files</Filter>
    </ClInclude>
    <ClInclude Include="imagematch\graphscript.h">
      <Filter>ImageMatch</Filter>
    </ClInclude>
    <ClInclude Include="imagematch\scenetraverse.h">
      <Filter>ImageMatch</Filter>
    </ClInclude>
    <ClInclude Include="imagematch\matchscript2.h">
      <Filter>ImageMatch</Filter>
    </ClInclude>
    <ClInclude Include="imagematch\matchparser.h">
      <Filter>ImageMatch</Filter>
    </ClInclude>
    <ClInclude Include="imagematch\matchmanager.h">
      <Filter>ImageMatch</Filter>
    </ClInclude>
    <ClInclude Include="convertimage.h">
      <Filter>Header Files</Filter>
    </ClInclude>
    <ClInclude Include="imagematch\matchprocessor.h">
      <Filter>ImageMatch</Filter>
    </ClInclude>
    <ClInclude Include="imagematch\matchthread.h">
      <Filter>ImageMatch</Filter>
    </ClInclude>
    <ClInclude Include="imagematch\simplematchscript.h">
      <Filter>ImageMatch</Filter>
    </ClInclude>
    <ClInclude Include="imagematch\MatchResult.h">
      <Filter>Header Files</Filter>
    </ClInclude>
    <ClInclude Include="frapscapture.h">
      <Filter>Header Files</Filter>
    </ClInclude>
  </ItemGroup>
  <ItemGroup>
    <ClCompile Include="stdafx.cpp">
      <Filter>Source Files</Filter>
    </ClCompile>
    <ClCompile Include="camera.cpp">
      <Filter>Source Files</Filter>
    </ClCompile>
    <ClCompile Include="CameraDistortion.cpp">
      <Filter>Source Files</Filter>
    </ClCompile>
    <ClCompile Include="config.cpp">
      <Filter>Source Files</Filter>
    </ClCompile>
    <ClCompile Include="detectpoint.cpp">
      <Filter>Source Files</Filter>
    </ClCompile>
    <ClCompile Include="dxcapture.cpp">
      <Filter>Source Files</Filter>
    </ClCompile>
    <ClCompile Include="dxcaptureutil.cpp">
      <Filter>Source Files</Filter>
    </ClCompile>
    <ClCompile Include="linecontour.cpp">
      <Filter>Source Files</Filter>
    </ClCompile>
    <ClCompile Include="movie.cpp">
      <Filter>Source Files</Filter>
    </ClCompile>
    <ClCompile Include="pidcontrol.cpp">
      <Filter>Source Files</Filter>
    </ClCompile>
    <ClCompile Include="rectcontour.cpp">
      <Filter>Source Files</Filter>
    </ClCompile>
    <ClCompile Include="screen.cpp">
      <Filter>Source Files</Filter>
    </ClCompile>
    <ClCompile Include="sharedmemcommunication.cpp">
      <Filter>Source Files</Filter>
    </ClCompile>
    <ClCompile Include="skewdetect.cpp">
      <Filter>Source Files</Filter>
    </ClCompile>
    <ClCompile Include="squarecontour.cpp">
      <Filter>Source Files</Filter>
    </ClCompile>
    <ClCompile Include="udpcommunication.cpp">
      <Filter>Source Files</Filter>
    </ClCompile>
    <ClCompile Include="util.cpp">
      <Filter>Source Files</Filter>
    </ClCompile>
    <ClCompile Include="wndmsgcommunication.cpp">
      <Filter>Source Files</Filter>
    </ClCompile>
    <ClCompile Include="camcommon.cpp">
      <Filter>Source Files</Filter>
    </ClCompile>
    <ClCompile Include="RecognitionConfig.cpp">
      <Filter>Source Files</Filter>
    </ClCompile>
    <ClCompile Include="streamingsender.cpp">
      <Filter>Source Files</Filter>
    </ClCompile>
    <ClCompile Include="streamingreceiver.cpp">
      <Filter>Source Files</Filter>
    </ClCompile>
    <ClCompile Include="searchpoint.cpp">
      <Filter>Source Files</Filter>
    </ClCompile>
    <ClCompile Include="thresholdfinder.cpp">
      <Filter>Source Files</Filter>
    </ClCompile>
    <ClCompile Include="LEDCalibrater.cpp">
      <Filter>Source Files</Filter>
    </ClCompile>
    <ClCompile Include="LEDBlinkCapture.cpp">
      <Filter>Source Files</Filter>
    </ClCompile>
    <ClCompile Include="streamingviewer.cpp">
      <Filter>Source Files</Filter>
    </ClCompile>
    <ClCompile Include="roi.cpp">
      <Filter>Source Files</Filter>
    </ClCompile>
    <ClCompile Include="videowriter.cpp">
      <Filter>Source Files</Filter>
    </ClCompile>
    <ClCompile Include="qrcode.cpp">
      <Filter>Source Files</Filter>
    </ClCompile>
    <ClCompile Include="arqrcode.cpp">
      <Filter>Source Files</Filter>
    </ClCompile>
    <ClCompile Include="recognitionedgeconfig.cpp">
      <Filter>Source Files</Filter>
    </ClCompile>
    <ClCompile Include="detectrect.cpp">
      <Filter>Source Files</Filter>
    </ClCompile>
    <ClCompile Include="opencvgdiplus.cpp">
      <Filter>Source Files</Filter>
    </ClCompile>
    <ClCompile Include="rectcontour2.cpp">
      <Filter>Source Files</Filter>
    </ClCompile>
    <ClCompile Include="screencapture.cpp">
      <Filter>Source Files</Filter>
    </ClCompile>
    <ClCompile Include="templatematch.cpp">
      <Filter>Source Files</Filter>
    </ClCompile>
    <ClCompile Include="featurematch.cpp">
      <Filter>Source Files</Filter>
    </ClCompile>
    <ClCompile Include="imagematch\graphscript.cpp">
      <Filter>ImageMatch</Filter>
    </ClCompile>
    <ClCompile Include="imagematch\scenetraverse.cpp">
      <Filter>ImageMatch</Filter>
    </ClCompile>
    <ClCompile Include="imagematch\matchscript2.cpp">
      <Filter>ImageMatch</Filter>
    </ClCompile>
    <ClCompile Include="imagematch\matchparser.cpp">
      <Filter>ImageMatch</Filter>
    </ClCompile>
    <ClCompile Include="imagematch\matchmanager.cpp">
      <Filter>ImageMatch</Filter>
    </ClCompile>
    <ClCompile Include="convertimage.cpp">
      <Filter>Source Files</Filter>
    </ClCompile>
    <ClCompile Include="imagematch\matchprocessor.cpp">
      <Filter>ImageMatch</Filter>
    </ClCompile>
    <ClCompile Include="imagematch\matchthread.cpp">
      <Filter>ImageMatch</Filter>
    </ClCompile>
    <ClCompile Include="imagematch\simplematchscript.cpp">
      <Filter>ImageMatch</Filter>
    </ClCompile>
    <ClCompile Include="imagematch\MatchResult.cpp">
      <Filter>Source Files</Filter>
    </ClCompile>
    <ClCompile Include="frapscapture.cpp">
      <Filter>Source Files</Filter>
    </ClCompile>
  </ItemGroup>
</Project>