
Microsoft Visual Studio Solution File, Format Version 12.00
# Visual Studio 2013
VisualStudioVersion = 12.0.31101.0
MinimumVisualStudioVersion = 10.0.40219.1
Project("{8BC9CEB8-8B4A-11D0-8D11-00A0C91BC942}") = "CamCommon", "CamCommon.vcxproj", "{5FB1736A-E9FB-448C-8A8A-4C30A90CD87C}"
EndProject
Project("{8BC9CEB8-8B4A-11D0-8D11-00A0C91BC942}") = "Common", "..\Common\Common.vcxproj", "{EF9CA22D-0C8F-42E9-AB66-98BC1A640F10}"
EndProject
Project("{8BC9CEB8-8B4A-11D0-8D11-00A0C91BC942}") = "Network", "..\Network\Network.vcxproj", "{A202AA06-F0EE-4B05-86DE-DA63B9F146D4}"
EndProject
Global
	GlobalSection(SolutionConfigurationPlatforms) = preSolution
		Debug|Win32 = Debug|Win32
		Release|Win32 = Release|Win32
	EndGlobalSection
	GlobalSection(ProjectConfigurationPlatforms) = postSolution
		{5FB1736A-E9FB-448C-8A8A-4C30A90CD87C}.Debug|Win32.ActiveCfg = Debug|Win32
		{5FB1736A-E9FB-448C-8A8A-4C30A90CD87C}.Debug|Win32.Build.0 = Debug|Win32
		{5FB1736A-E9FB-448C-8A8A-4C30A90CD87C}.Release|Win32.ActiveCfg = Release|Win32
		{5FB1736A-E9FB-448C-8A8A-4C30A90CD87C}.Release|Win32.Build.0 = Release|Win32
		{EF9CA22D-0C8F-42E9-AB66-98BC1A640F10}.Debug|Win32.ActiveCfg = Debug|Win32
		{EF9CA22D-0C8F-42E9-AB66-98BC1A640F10}.Debug|Win32.Build.0 = Debug|Win32
		{EF9CA22D-0C8F-42E9-AB66-98BC1A640F10}.Release|Win32.ActiveCfg = Release|Win32
		{EF9CA22D-0C8F-42E9-AB66-98BC1A640F10}.Release|Win32.Build.0 = Release|Win32
		{A202AA06-F0EE-4B05-86DE-DA63B9F146D4}.Debug|Win32.ActiveCfg = Debug|Win32
		{A202AA06-F0EE-4B05-86DE-DA63B9F146D4}.Debug|Win32.Build.0 = Debug|Win32
		{A202AA06-F0EE-4B05-86DE-DA63B9F146D4}.Release|Win32.ActiveCfg = Release|Win32
		{A202AA06-F0EE-4B05-86DE-DA63B9F146D4}.Release|Win32.Build.0 = Release|Win32
	EndGlobalSection
	GlobalSection(SolutionProperties) = preSolution
		HideSolutionNode = FALSE
	EndGlobalSection
EndGlobal
