<?xml version="1.0" encoding="utf-8"?>
<Project ToolsVersion="4.0" xmlns="http://schemas.microsoft.com/developer/msbuild/2003">
  <ItemGroup>
    <Text Include="ReadMe.txt" />
  </ItemGroup>
  <ItemGroup>
    <ClInclude Include="stdafx.h" />
    <ClInclude Include="targetver.h" />
    <ClInclude Include="tesswrapper.h" />
    <ClInclude Include="tess.h" />
    <ClInclude Include="dictionary.h" />
    <ClInclude Include="scanner.h" />
    <ClInclude Include="errorcorrectcompare.h" />
    <ClInclude Include="dictionary2.h" />
  </ItemGroup>
  <ItemGroup>
    <ClCompile Include="stdafx.cpp" />
    <ClCompile Include="tesswrapper.cpp" />
    <ClCompile Include="dictionary.cpp" />
    <ClCompile Include="scanner.cpp" />
    <ClCompile Include="errorcorrectcompare.cpp" />
    <ClCompile Include="dictionary2.cpp" />
  </ItemGroup>
</Project>