<?xml version="1.0" encoding="utf-8"?>
<Project ToolsVersion="4.0" xmlns="http://schemas.microsoft.com/developer/msbuild/2003">
  <ItemGroup>
    <ClInclude Include="stdafx.h" />
    <ClInclude Include="targetver.h" />
    <ClInclude Include="framework.h" />
    <ClInclude Include="gamemain\GameMain.h">
      <Filter>gamemain</Filter>
    </ClInclude>
    <ClInclude Include="window\utility.h">
      <Filter>window</Filter>
    </ClInclude>
    <ClInclude Include="ui\window.h">
      <Filter>ui</Filter>
    </ClInclude>
    <ClInclude Include="ui\button.h">
      <Filter>ui</Filter>
    </ClInclude>
    <ClInclude Include="ui\uidef.h">
      <Filter>ui</Filter>
    </ClInclude>
    <ClInclude Include="ui\event.h">
      <Filter>ui</Filter>
    </ClInclude>
    <ClInclude Include="ui\eventhandler.h">
      <Filter>ui</Filter>
    </ClInclude>
    <ClInclude Include="window\scene.h">
      <Filter>window</Filter>
    </ClInclude>
    <ClInclude Include="external\imgui\imconfig.h">
      <Filter>external\imgui</Filter>
    </ClInclude>
    <ClInclude Include="external\imgui\imgui.h">
      <Filter>external\imgui</Filter>
    </ClInclude>
    <ClInclude Include="external\imgui\imgui_internal.h">
      <Filter>external\imgui</Filter>
    </ClInclude>
    <ClInclude Include="external\imgui\stb_rect_pack.h">
      <Filter>external\imgui</Filter>
    </ClInclude>
    <ClInclude Include="external\imgui\stb_textedit.h">
      <Filter>external\imgui</Filter>
    </ClInclude>
    <ClInclude Include="external\imgui\stb_truetype.h">
      <Filter>external\imgui</Filter>
    </ClInclude>
    <ClInclude Include="external\imgui\imgui_impl_dx9.h">
      <Filter>external\imgui</Filter>
    </ClInclude>
  </ItemGroup>
  <ItemGroup>
    <ClCompile Include="stdafx.cpp" />
    <ClCompile Include="gamemain\GameMain.cpp">
      <Filter>gamemain</Filter>
    </ClCompile>
    <ClCompile Include="window\utility.cpp">
      <Filter>window</Filter>
    </ClCompile>
    <ClCompile Include="ui\window.cpp">
      <Filter>ui</Filter>
    </ClCompile>
    <ClCompile Include="ui\button.cpp">
      <Filter>ui</Filter>
    </ClCompile>
    <ClCompile Include="ui\event.cpp">
      <Filter>ui</Filter>
    </ClCompile>
    <ClCompile Include="ui\eventhandler.cpp">
      <Filter>ui</Filter>
    </ClCompile>
    <ClCompile Include="window\scene.cpp">
      <Filter>window</Filter>
    </ClCompile>
    <ClCompile Include="external\imgui\imgui.cpp">
      <Filter>external\imgui</Filter>
    </ClCompile>
    <ClCompile Include="external\imgui\imgui_demo.cpp">
      <Filter>external\imgui</Filter>
    </ClCompile>
    <ClCompile Include="external\imgui\imgui_draw.cpp">
      <Filter>external\imgui</Filter>
    </ClCompile>
    <ClCompile Include="external\imgui\imgui_impl_dx9.cpp">
      <Filter>external\imgui</Filter>
    </ClCompile>
  </ItemGroup>
  <ItemGroup>
    <Filter Include="window">
      <UniqueIdentifier>{7af92093-bfad-4ede-ae94-881b5b0559b8}</UniqueIdentifier>
    </Filter>
    <Filter Include="gamemain">
      <UniqueIdentifier>{c4917400-df28-4a86-b84f-9a10df3f0893}</UniqueIdentifier>
    </Filter>
    <Filter Include="ui">
      <UniqueIdentifier>{a1752ec0-64f1-4a72-8737-9ce6eee11e0b}</UniqueIdentifier>
    </Filter>
    <Filter Include="external">
      <UniqueIdentifier>{cb77cb84-9551-4589-9ad0-f6e2c0ef3725}</UniqueIdentifier>
    </Filter>
    <Filter Include="external\imgui">
      <UniqueIdentifier>{9730768b-0764-45e7-8e7c-8c29523cd670}</UniqueIdentifier>
    </Filter>
  </ItemGroup>
</Project>