
Microsoft Visual Studio Solution File, Format Version 12.00
# Visual Studio Version 16
VisualStudioVersion = 16.0.32802.440
MinimumVisualStudioVersion = 10.0.40219.1
Project("{8BC9CEB8-8B4A-11D0-8D11-00A0C91BC942}") = "Common", "..\Common\Common.vcxproj", "{EF9CA22D-0C8F-42E9-AB66-98BC1A640F10}"
EndProject
Project("{8BC9CEB8-8B4A-11D0-8D11-00A0C91BC942}") = "ProtocolGenerator-VS2019", "ProtocolGenerator\ProtocolGenerator-VS2019.vcxproj", "{69789088-FF8D-4138-9EEF-CF7285D72E71}"
EndProject
Project("{8BC9CEB8-8B4A-11D0-8D11-00A0C91BC942}") = "Network2-VS2019", "..\Network2\Network2-VS2019.vcxproj", "{B98E9721-F7A3-4E2D-A7A1-7708CB2D0D6E}"
EndProject
Global
	GlobalSection(SolutionConfigurationPlatforms) = preSolution
		Debug|x64 = Debug|x64
		Debug|x86 = Debug|x86
		Release|x64 = Release|x64
		Release|x86 = Release|x86
	EndGlobalSection
	GlobalSection(ProjectConfigurationPlatforms) = postSolution
		{EF9CA22D-0C8F-42E9-AB66-98BC1A640F10}.Debug_MD|x64.ActiveCfg = Debug_MD|x64
		{EF9CA22D-0C8F-42E9-AB66-98BC1A640F10}.Debug_MD|x64.Build.0 = Debug_MD|x64
		{EF9CA22D-0C8F-42E9-AB66-98BC1A640F10}.Debug_MD|x86.ActiveCfg = Debug_MD|Win32
		{EF9CA22D-0C8F-42E9-AB66-98BC1A640F10}.Debug_MD|x86.Build.0 = Debug_MD|Win32
		{EF9CA22D-0C8F-42E9-AB66-98BC1A640F10}.Debug_MT|x64.ActiveCfg = Debug_MT|x64
		{EF9CA22D-0C8F-42E9-AB66-98BC1A640F10}.Debug_MT|x64.Build.0 = Debug_MT|x64
		{EF9CA22D-0C8F-42E9-AB66-98BC1A640F10}.Debug_MT|x86.ActiveCfg = Debug_MT|Win32
		{EF9CA22D-0C8F-42E9-AB66-98BC1A640F10}.Debug_MT|x86.Build.0 = Debug_MT|Win32
		{EF9CA22D-0C8F-42E9-AB66-98BC1A640F10}.Debug|x64.ActiveCfg = Debug|x64
		{EF9CA22D-0C8F-42E9-AB66-98BC1A640F10}.Debug|x64.Build.0 = Debug|x64
		{EF9CA22D-0C8F-42E9-AB66-98BC1A640F10}.Debug|x86.ActiveCfg = Debug|Win32
		{EF9CA22D-0C8F-42E9-AB66-98BC1A640F10}.Debug|x86.Build.0 = Debug|Win32
		{EF9CA22D-0C8F-42E9-AB66-98BC1A640F10}.Release_MD|x64.ActiveCfg = Release_MD|x64
		{EF9CA22D-0C8F-42E9-AB66-98BC1A640F10}.Release_MD|x64.Build.0 = Release_MD|x64
		{EF9CA22D-0C8F-42E9-AB66-98BC1A640F10}.Release_MD|x86.ActiveCfg = Release_MD|Win32
		{EF9CA22D-0C8F-42E9-AB66-98BC1A640F10}.Release_MD|x86.Build.0 = Release_MD|Win32
		{EF9CA22D-0C8F-42E9-AB66-98BC1A640F10}.Release|x64.ActiveCfg = Release|x64
		{EF9CA22D-0C8F-42E9-AB66-98BC1A640F10}.Release|x64.Build.0 = Release|x64
		{EF9CA22D-0C8F-42E9-AB66-98BC1A640F10}.Release|x86.ActiveCfg = Release|Win32
		{EF9CA22D-0C8F-42E9-AB66-98BC1A640F10}.Release|x86.Build.0 = Release|Win32
		{69789088-FF8D-4138-9EEF-CF7285D72E71}.Debug_MD|x64.ActiveCfg = Debug|x64
		{69789088-FF8D-4138-9EEF-CF7285D72E71}.Debug_MD|x64.Build.0 = Debug|x64
		{69789088-FF8D-4138-9EEF-CF7285D72E71}.Debug_MD|x86.ActiveCfg = Debug|Win32
		{69789088-FF8D-4138-9EEF-CF7285D72E71}.Debug_MD|x86.Build.0 = Debug|Win32
		{69789088-FF8D-4138-9EEF-CF7285D72E71}.Debug_MT|x64.ActiveCfg = Debug|x64
		{69789088-FF8D-4138-9EEF-CF7285D72E71}.Debug_MT|x64.Build.0 = Debug|x64
		{69789088-FF8D-4138-9EEF-CF7285D72E71}.Debug_MT|x86.ActiveCfg = Debug|Win32
		{69789088-FF8D-4138-9EEF-CF7285D72E71}.Debug_MT|x86.Build.0 = Debug|Win32
		{69789088-FF8D-4138-9EEF-CF7285D72E71}.Debug|x64.ActiveCfg = Debug|x64
		{69789088-FF8D-4138-9EEF-CF7285D72E71}.Debug|x64.Build.0 = Debug|x64
		{69789088-FF8D-4138-9EEF-CF7285D72E71}.Debug|x86.ActiveCfg = Debug|Win32
		{69789088-FF8D-4138-9EEF-CF7285D72E71}.Debug|x86.Build.0 = Debug|Win32
		{69789088-FF8D-4138-9EEF-CF7285D72E71}.Release_MD|x64.ActiveCfg = Release|x64
		{69789088-FF8D-4138-9EEF-CF7285D72E71}.Release_MD|x64.Build.0 = Release|x64
		{69789088-FF8D-4138-9EEF-CF7285D72E71}.Release_MD|x86.ActiveCfg = Release|Win32
		{69789088-FF8D-4138-9EEF-CF7285D72E71}.Release_MD|x86.Build.0 = Release|Win32
		{69789088-FF8D-4138-9EEF-CF7285D72E71}.Release|x64.ActiveCfg = Release|x64
		{69789088-FF8D-4138-9EEF-CF7285D72E71}.Release|x64.Build.0 = Release|x64
		{69789088-FF8D-4138-9EEF-CF7285D72E71}.Release|x86.ActiveCfg = Release|Win32
		{69789088-FF8D-4138-9EEF-CF7285D72E71}.Release|x86.Build.0 = Release|Win32
		{B98E9721-F7A3-4E2D-A7A1-7708CB2D0D6E}.Debug_MD|x64.ActiveCfg = Debug|x64
		{B98E9721-F7A3-4E2D-A7A1-7708CB2D0D6E}.Debug_MD|x64.Build.0 = Debug|x64
		{B98E9721-F7A3-4E2D-A7A1-7708CB2D0D6E}.Debug_MD|x86.ActiveCfg = Debug|Win32
		{B98E9721-F7A3-4E2D-A7A1-7708CB2D0D6E}.Debug_MD|x86.Build.0 = Debug|Win32
		{B98E9721-F7A3-4E2D-A7A1-7708CB2D0D6E}.Debug_MT|x64.ActiveCfg = Debug|x64
		{B98E9721-F7A3-4E2D-A7A1-7708CB2D0D6E}.Debug_MT|x64.Build.0 = Debug|x64
		{B98E9721-F7A3-4E2D-A7A1-7708CB2D0D6E}.Debug_MT|x86.ActiveCfg = Debug|Win32
		{B98E9721-F7A3-4E2D-A7A1-7708CB2D0D6E}.Debug_MT|x86.Build.0 = Debug|Win32
		{B98E9721-F7A3-4E2D-A7A1-7708CB2D0D6E}.Debug|x64.ActiveCfg = Debug|x64
		{B98E9721-F7A3-4E2D-A7A1-7708CB2D0D6E}.Debug|x64.Build.0 = Debug|x64
		{B98E9721-F7A3-4E2D-A7A1-7708CB2D0D6E}.Debug|x86.ActiveCfg = Debug|Win32
		{B98E9721-F7A3-4E2D-A7A1-7708CB2D0D6E}.Debug|x86.Build.0 = Debug|Win32
		{B98E9721-F7A3-4E2D-A7A1-7708CB2D0D6E}.Release_MD|x64.ActiveCfg = Release|x64
		{B98E9721-F7A3-4E2D-A7A1-7708CB2D0D6E}.Release_MD|x64.Build.0 = Release|x64
		{B98E9721-F7A3-4E2D-A7A1-7708CB2D0D6E}.Release_MD|x86.ActiveCfg = Release|Win32
		{B98E9721-F7A3-4E2D-A7A1-7708CB2D0D6E}.Release_MD|x86.Build.0 = Release|Win32
		{B98E9721-F7A3-4E2D-A7A1-7708CB2D0D6E}.Release|x64.ActiveCfg = Release|x64
		{B98E9721-F7A3-4E2D-A7A1-7708CB2D0D6E}.Release|x64.Build.0 = Release|x64
		{B98E9721-F7A3-4E2D-A7A1-7708CB2D0D6E}.Release|x86.ActiveCfg = Release|Win32
		{B98E9721-F7A3-4E2D-A7A1-7708CB2D0D6E}.Release|x86.Build.0 = Release|Win32
	EndGlobalSection
	GlobalSection(SolutionProperties) = preSolution
		HideSolutionNode = FALSE
	EndGlobalSection
	GlobalSection(ExtensibilityGlobals) = postSolution
		SolutionGuid = {6F91B0D9-5D7D-44E9-8510-01481B8ACE38}
	EndGlobalSection
EndGlobal
