<?xml version="1.0" encoding="utf-8"?>
<Project ToolsVersion="4.0" xmlns="http://schemas.microsoft.com/developer/msbuild/2003">
  <ItemGroup>
    <ClInclude Include="stdafx.h" />
    <ClInclude Include="targetver.h" />
    <ClInclude Include="math\Math.h">
      <Filter>math</Filter>
    </ClInclude>
    <ClInclude Include="math\matrix44.h">
      <Filter>math</Filter>
    </ClInclude>
    <ClInclude Include="math\vector3.h">
      <Filter>math</Filter>
    </ClInclude>
    <ClInclude Include="math\vector4.h">
      <Filter>math</Filter>
    </ClInclude>
    <ClInclude Include="common.h" />
    <ClInclude Include="etc\singleton.h">
      <Filter>Etc</Filter>
    </ClInclude>
    <ClInclude Include="etc\filepath.h">
      <Filter>Etc</Filter>
    </ClInclude>
    <ClInclude Include="etc\stringfunc.h">
      <Filter>Etc</Filter>
    </ClInclude>
    <ClInclude Include="math\quaternion.h">
      <Filter>math</Filter>
    </ClInclude>
    <ClInclude Include="etc\dbg.h">
      <Filter>Etc</Filter>
    </ClInclude>
    <ClInclude Include="container\vectorhelper.h">
      <Filter>container</Filter>
    </ClInclude>
    <ClInclude Include="math\vector2.h">
      <Filter>math</Filter>
    </ClInclude>
    <ClInclude Include="etc\observer.h">
      <Filter>Etc</Filter>
    </ClInclude>
    <ClInclude Include="math\triangle.h">
      <Filter>math</Filter>
    </ClInclude>
    <ClInclude Include="math\plane.h">
      <Filter>math</Filter>
    </ClInclude>
    <ClInclude Include="math\ray.h">
      <Filter>math</Filter>
    </ClInclude>
    <ClInclude Include="etc\observer2.h">
      <Filter>Etc</Filter>
    </ClInclude>
    <ClInclude Include="etc\genid.h">
      <Filter>Etc</Filter>
    </ClInclude>
    <ClInclude Include="math\mathutility.h">
      <Filter>math</Filter>
    </ClInclude>
    <ClInclude Include="etc\memorypool.h">
      <Filter>Etc</Filter>
    </ClInclude>
    <ClInclude Include="etc\rand.h">
      <Filter>Etc</Filter>
    </ClInclude>
    <ClInclude Include="etc\config.h">
      <Filter>Etc</Filter>
    </ClInclude>
    <ClInclude Include="etc\autocs.h">
      <Filter>Etc</Filter>
    </ClInclude>
    <ClInclude Include="etc\BufferedSerial.h">
      <Filter>Etc</Filter>
    </ClInclude>
    <ClInclude Include="etc\Serial.h">
      <Filter>Etc</Filter>
    </ClInclude>
    <ClInclude Include="etc\SerialAsync.h">
      <Filter>Etc</Filter>
    </ClInclude>
    <ClInclude Include="etc\ip.h">
      <Filter>Etc</Filter>
    </ClInclude>
    <ClInclude Include="etc\date.h">
      <Filter>Etc</Filter>
    </ClInclude>
    <ClInclude Include="container\shmmap.h">
      <Filter>container</Filter>
    </ClInclude>
    <ClInclude Include="etc\inifile.h">
      <Filter>Etc</Filter>
    </ClInclude>
    <ClInclude Include="etc\shmmem.h">
      <Filter>Etc</Filter>
    </ClInclude>
    <ClInclude Include="container\stablevectormap.h">
      <Filter>container</Filter>
    </ClInclude>
    <ClInclude Include="container\vectormap.h">
      <Filter>container</Filter>
    </ClInclude>
    <ClInclude Include="container\vectorset.h">
      <Filter>container</Filter>
    </ClInclude>
    <ClInclude Include="thread\Instance.h">
      <Filter>thread</Filter>
    </ClInclude>
    <ClInclude Include="thread\task.h">
      <Filter>thread</Filter>
    </ClInclude>
    <ClInclude Include="thread\thread.h">
      <Filter>thread</Filter>
    </ClInclude>
    <ClInclude Include="thread\threaddef.h">
      <Filter>thread</Filter>
    </ClInclude>
    <ClInclude Include="etc\FastMemLoader.h">
      <Filter>Etc</Filter>
    </ClInclude>
    <ClInclude Include="etc\path.h">
      <Filter>Etc</Filter>
    </ClInclude>
    <ClInclude Include="math\vectortype.h">
      <Filter>math</Filter>
    </ClInclude>
    <ClInclude Include="etc\recttype.h">
      <Filter>Etc</Filter>
    </ClInclude>
    <ClInclude Include="math\transform.h">
      <Filter>math</Filter>
    </ClInclude>
    <ClInclude Include="container\simplestring.h">
      <Filter>container</Filter>
    </ClInclude>
    <ClInclude Include="etc\timer.h">
      <Filter>Etc</Filter>
    </ClInclude>
    <ClInclude Include="thread\mutex.h">
      <Filter>thread</Filter>
    </ClInclude>
    <ClInclude Include="etc\memorypool2.h">
      <Filter>Etc</Filter>
    </ClInclude>
    <ClInclude Include="math\vector3_comm.h">
      <Filter>math</Filter>
    </ClInclude>
    <ClInclude Include="etc\memorypool3.h">
      <Filter>Etc</Filter>
    </ClInclude>
    <ClInclude Include="math\vector2_comm.h">
      <Filter>math</Filter>
    </ClInclude>
    <ClInclude Include="container\circularqueue.h">
      <Filter>container</Filter>
    </ClInclude>
    <ClInclude Include="etc\filelogger.h">
      <Filter>Etc</Filter>
    </ClInclude>
    <ClInclude Include="etc\macro.h">
      <Filter>Etc</Filter>
    </ClInclude>
    <ClInclude Include="thread\semaphore.h">
      <Filter>thread</Filter>
    </ClInclude>
    <ClInclude Include="thread\tpsemaphore.h">
      <Filter>thread</Filter>
    </ClInclude>
    <ClInclude Include="thread\wqsemaphore.h">
      <Filter>thread</Filter>
    </ClInclude>
    <ClInclude Include="etc\date2.h">
      <Filter>Etc</Filter>
    </ClInclude>
    <ClInclude Include="etc\simpledata.h">
      <Filter>Etc</Filter>
    </ClInclude>
    <ClInclude Include="math\line.h">
      <Filter>math</Filter>
    </ClInclude>
    <ClInclude Include="etc\memorypool4.h">
      <Filter>Etc</Filter>
    </ClInclude>
    <ClInclude Include="etc\port.h">
      <Filter>Etc</Filter>
    </ClInclude>
    <ClInclude Include="etc\enumser.h">
      <Filter>Etc</Filter>
    </ClInclude>
    <ClInclude Include="container\circularqueue2.h">
      <Filter>container</Filter>
    </ClInclude>
    <ClInclude Include="interpreter\interpreter.h">
      <Filter>interpreter</Filter>
    </ClInclude>
    <ClInclude Include="interpreter\virtualmachine.h">
      <Filter>interpreter</Filter>
    </ClInclude>
    <ClInclude Include="interpreter\symboltable.h">
      <Filter>interpreter</Filter>
    </ClInclude>
    <ClInclude Include="interpreter\event.h">
      <Filter>interpreter</Filter>
    </ClInclude>
    <ClInclude Include="interpreter\intermediatecode.h">
      <Filter>interpreter</Filter>
    </ClInclude>
    <ClInclude Include="interpreter\definition.h">
      <Filter>interpreter</Filter>
    </ClInclude>
    <ClInclude Include="interpreter\debugger.h">
      <Filter>interpreter</Filter>
    </ClInclude>
    <ClInclude Include="etc\file.h">
      <Filter>Etc</Filter>
    </ClInclude>
    <ClInclude Include="etc\graphscript.h">
      <Filter>Etc</Filter>
    </ClInclude>
    <ClInclude Include="etc\setutil.h">
      <Filter>Etc</Filter>
    </ClInclude>
    <ClInclude Include="etc\simpledata2.h">
      <Filter>Etc</Filter>
    </ClInclude>
    <ClInclude Include="math\plane2.h">
      <Filter>math</Filter>
    </ClInclude>
    <ClInclude Include="math\plane3.h">
      <Filter>math</Filter>
    </ClInclude>
    <ClInclude Include="etc\json.h">
      <Filter>Etc</Filter>
    </ClInclude>
    <ClInclude Include="interpreter\variable.h">
      <Filter>interpreter</Filter>
    </ClInclude>
    <ClInclude Include="interpreter\vpl.h">
      <Filter>interpreter</Filter>
    </ClInclude>
    <ClInclude Include="interpreter\vplfile.h">
      <Filter>interpreter</Filter>
    </ClInclude>
    <ClInclude Include="interpreter\vpljsonfile.h">
      <Filter>interpreter</Filter>
    </ClInclude>
    <ClInclude Include="thread\loadbalancer.h">
      <Filter>thread</Filter>
    </ClInclude>
    <ClInclude Include="interpreter\module.h">
      <Filter>interpreter</Filter>
    </ClInclude>
    <ClInclude Include="interpreter\basicmodule.h">
      <Filter>interpreter</Filter>
    </ClInclude>
    <ClInclude Include="etc\filepath1.h">
      <Filter>Etc</Filter>
    </ClInclude>
    <ClInclude Include="etc\memorypool5.h">
      <Filter>Etc</Filter>
    </ClInclude>
    <ClInclude Include="container\shmqueue.h">
      <Filter>container</Filter>
    </ClInclude>
    <ClInclude Include="etc\cpu.h">
      <Filter>Etc</Filter>
    </ClInclude>
    <ClInclude Include="etc\StackWalker.h">
      <Filter>Etc</Filter>
    </ClInclude>
    <ClInclude Include="etc\dump.h">
      <Filter>Etc</Filter>
    </ClInclude>
    <ClInclude Include="interpreter\event_arg.h">
      <Filter>interpreter</Filter>
    </ClInclude>
    <ClInclude Include="etc\Serial2.h">
      <Filter>Etc</Filter>
    </ClInclude>
    <ClInclude Include="etc\SerialAsync2.h">
      <Filter>Etc</Filter>
    </ClInclude>
    <ClInclude Include="thread\taskflow.h">
      <Filter>thread</Filter>
    </ClInclude>
  </ItemGroup>
  <ItemGroup>
    <ClCompile Include="stdafx.cpp" />
    <ClCompile Include="math\matrix44.cpp">
      <Filter>math</Filter>
    </ClCompile>
    <ClCompile Include="math\vector3.cpp">
      <Filter>math</Filter>
    </ClCompile>
    <ClCompile Include="math\vector4.cpp">
      <Filter>math</Filter>
    </ClCompile>
    <ClCompile Include="etc\filepath.cpp">
      <Filter>Etc</Filter>
    </ClCompile>
    <ClCompile Include="etc\stringfunc.cpp">
      <Filter>Etc</Filter>
    </ClCompile>
    <ClCompile Include="math\quaternion.cpp">
      <Filter>math</Filter>
    </ClCompile>
    <ClCompile Include="etc\dbg.cpp">
      <Filter>Etc</Filter>
    </ClCompile>
    <ClCompile Include="etc\observer.cpp">
      <Filter>Etc</Filter>
    </ClCompile>
    <ClCompile Include="math\triangle.cpp">
      <Filter>math</Filter>
    </ClCompile>
    <ClCompile Include="math\plane.cpp">
      <Filter>math</Filter>
    </ClCompile>
    <ClCompile Include="math\ray.cpp">
      <Filter>math</Filter>
    </ClCompile>
    <ClCompile Include="etc\observer2.cpp">
      <Filter>Etc</Filter>
    </ClCompile>
    <ClCompile Include="etc\genid.cpp">
      <Filter>Etc</Filter>
    </ClCompile>
    <ClCompile Include="math\vector2.cpp">
      <Filter>math</Filter>
    </ClCompile>
    <ClCompile Include="etc\config.cpp">
      <Filter>Etc</Filter>
    </ClCompile>
    <ClCompile Include="etc\BufferedSerial.cpp">
      <Filter>Etc</Filter>
    </ClCompile>
    <ClCompile Include="etc\Serial.cpp">
      <Filter>Etc</Filter>
    </ClCompile>
    <ClCompile Include="etc\SerialAsync.cpp">
      <Filter>Etc</Filter>
    </ClCompile>
    <ClCompile Include="etc\ip.cpp">
      <Filter>Etc</Filter>
    </ClCompile>
    <ClCompile Include="etc\inifile.cpp">
      <Filter>Etc</Filter>
    </ClCompile>
    <ClCompile Include="etc\shmmem.cpp">
      <Filter>Etc</Filter>
    </ClCompile>
    <ClCompile Include="thread\thread.cpp">
      <Filter>thread</Filter>
    </ClCompile>
    <ClCompile Include="etc\FastMemLoader.cpp">
      <Filter>Etc</Filter>
    </ClCompile>
    <ClCompile Include="etc\date.cpp">
      <Filter>Etc</Filter>
    </ClCompile>
    <ClCompile Include="etc\path.cpp">
      <Filter>Etc</Filter>
    </ClCompile>
    <ClCompile Include="math\vectortype.cpp">
      <Filter>math</Filter>
    </ClCompile>
    <ClCompile Include="etc\recttype.cpp">
      <Filter>Etc</Filter>
    </ClCompile>
    <ClCompile Include="math\transform.cpp">
      <Filter>math</Filter>
    </ClCompile>
    <ClCompile Include="etc\timer.cpp">
      <Filter>Etc</Filter>
    </ClCompile>
    <ClCompile Include="thread\tpsemaphore.cpp">
      <Filter>thread</Filter>
    </ClCompile>
    <ClCompile Include="thread\wqsemaphore.cpp">
      <Filter>thread</Filter>
    </ClCompile>
    <ClCompile Include="etc\date2.cpp">
      <Filter>Etc</Filter>
    </ClCompile>
    <ClCompile Include="etc\simpledata.cpp">
      <Filter>Etc</Filter>
    </ClCompile>
    <ClCompile Include="math\line.cpp">
      <Filter>math</Filter>
    </ClCompile>
    <ClCompile Include="etc\port.cpp">
      <Filter>Etc</Filter>
    </ClCompile>
    <ClCompile Include="etc\enumser.cpp">
      <Filter>Etc</Filter>
    </ClCompile>
    <ClCompile Include="interpreter\interpreter.cpp">
      <Filter>interpreter</Filter>
    </ClCompile>
    <ClCompile Include="interpreter\virtualmachine.cpp">
      <Filter>interpreter</Filter>
    </ClCompile>
    <ClCompile Include="interpreter\symboltable.cpp">
      <Filter>interpreter</Filter>
    </ClCompile>
    <ClCompile Include="interpreter\event.cpp">
      <Filter>interpreter</Filter>
    </ClCompile>
    <ClCompile Include="interpreter\intermediatecode.cpp">
      <Filter>interpreter</Filter>
    </ClCompile>
    <ClCompile Include="interpreter\definition.cpp">
      <Filter>interpreter</Filter>
    </ClCompile>
    <ClCompile Include="interpreter\debugger.cpp">
      <Filter>interpreter</Filter>
    </ClCompile>
    <ClCompile Include="etc\file.cpp">
      <Filter>Etc</Filter>
    </ClCompile>
    <ClCompile Include="etc\graphscript.cpp">
      <Filter>Etc</Filter>
    </ClCompile>
    <ClCompile Include="etc\setutil.cpp">
      <Filter>Etc</Filter>
    </ClCompile>
    <ClCompile Include="etc\simpledata2.cpp">
      <Filter>Etc</Filter>
    </ClCompile>
    <ClCompile Include="math\plane2.cpp">
      <Filter>math</Filter>
    </ClCompile>
    <ClCompile Include="math\plane3.cpp">
      <Filter>math</Filter>
    </ClCompile>
    <ClCompile Include="interpreter\variable.cpp">
      <Filter>interpreter</Filter>
    </ClCompile>
    <ClCompile Include="interpreter\vpl.cpp">
      <Filter>interpreter</Filter>
    </ClCompile>
    <ClCompile Include="interpreter\vplfile.cpp">
      <Filter>interpreter</Filter>
    </ClCompile>
    <ClCompile Include="interpreter\vpljsonfile.cpp">
      <Filter>interpreter</Filter>
    </ClCompile>
    <ClCompile Include="thread\loadbalancer.cpp">
      <Filter>thread</Filter>
    </ClCompile>
    <ClCompile Include="interpreter\basicmodule.cpp">
      <Filter>interpreter</Filter>
    </ClCompile>
    <ClCompile Include="etc\filepath1.cpp">
      <Filter>Etc</Filter>
    </ClCompile>
    <ClCompile Include="etc\cpu.cpp">
      <Filter>Etc</Filter>
    </ClCompile>
    <ClCompile Include="etc\StackWalker.cpp">
      <Filter>Etc</Filter>
    </ClCompile>
    <ClCompile Include="etc\dump.cpp">
      <Filter>Etc</Filter>
    </ClCompile>
    <ClCompile Include="interpreter\event_arg.cpp">
      <Filter>interpreter</Filter>
    </ClCompile>
    <ClCompile Include="math\mathutility.cpp">
      <Filter>math</Filter>
    </ClCompile>
    <ClCompile Include="etc\Serial2.cpp">
      <Filter>Etc</Filter>
    </ClCompile>
    <ClCompile Include="etc\SerialAsync2.cpp">
      <Filter>Etc</Filter>
    </ClCompile>
    <ClCompile Include="thread\taskflow.cpp">
      <Filter>thread</Filter>
    </ClCompile>
  </ItemGroup>
  <ItemGroup>
    <Filter Include="math">
      <UniqueIdentifier>{09e41562-7a55-4d7d-b787-1e97e14beb8d}</UniqueIdentifier>
    </Filter>
    <Filter Include="Etc">
      <UniqueIdentifier>{c61673fa-04bb-421e-ad9e-ad682ac30936}</UniqueIdentifier>
    </Filter>
    <Filter Include="container">
      <UniqueIdentifier>{5fbca98c-399a-486a-a487-cad45a0e473d}</UniqueIdentifier>
    </Filter>
    <Filter Include="thread">
      <UniqueIdentifier>{c0ddb07d-9ea4-496a-99b4-3ec2ff75eaee}</UniqueIdentifier>
    </Filter>
    <Filter Include="interpreter">
      <UniqueIdentifier>{71c7fbbf-fa74-4d99-8314-5610708a095e}</UniqueIdentifier>
    </Filter>
  </ItemGroup>
</Project>